
Microsoft Visual Studio Solution File, Format Version 12.00
# Visual Studio Version 16
VisualStudioVersion = 16.0.30804.86
MinimumVisualStudioVersion = 10.0.40219.1
Project("{FAE04EC0-301F-11D3-BF4B-00C04F79EFBC}") = "Operators", "Operators.csproj", "{DF2DE2FA-63B7-43A8-A5AD-4BA35387938E}"
EndProject
Global
	GlobalSection(SolutionConfigurationPlatforms) = preSolution
		Debug|Any CPU = Debug|Any CPU
		Release|Any CPU = Release|Any CPU
	EndGlobalSection
	GlobalSection(ProjectConfigurationPlatforms) = postSolution
		{DF2DE2FA-63B7-43A8-A5AD-4BA35387938E}.Debug|Any CPU.ActiveCfg = Debug|Any CPU
		{DF2DE2FA-63B7-43A8-A5AD-4BA35387938E}.Debug|Any CPU.Build.0 = Debug|Any CPU
		{DF2DE2FA-63B7-43A8-A5AD-4BA35387938E}.Release|Any CPU.ActiveCfg = Release|Any CPU
		{DF2DE2FA-63B7-43A8-A5AD-4BA35387938E}.Release|Any CPU.Build.0 = Release|Any CPU
	EndGlobalSection
	GlobalSection(SolutionProperties) = preSolution
		HideSolutionNode = FALSE
	EndGlobalSection
	GlobalSection(ExtensibilityGlobals) = postSolution
		SolutionGuid = {C8DDB2EB-5CEC-40CA-B73A-D598E540F27B}
	EndGlobalSection
EndGlobal
